<Solution>
  <Folder Name="/tests/">
    <Project Path="tests/CeoAgent.ApiService.Tests/CeoAgent.ApiService.Tests.csproj" />
    <Project Path="tests/CeoAgent.Application.Tests/CeoAgent.Application.Tests.csproj" />
    <Project Path="tests/CeoAgent.IntegrationTests/CeoAgent.IntegrationTests.csproj" />
    <Project Path="tests/CeoAgent.Worker.Tests/CeoAgent.Worker.Tests.csproj" />
  </Folder>
  <Project Path="CeoAgent.Adapters/CeoAgent.Adapters.csproj" />
  <Project Path="CeoAgent.ApiService/CeoAgent.ApiService.csproj" />
  <Project Path="CeoAgent.AppHost/CeoAgent.AppHost.csproj" />
  <Project Path="CeoAgent.Application/CeoAgent.Application.csproj" />
  <Project Path="CeoAgent.Infrastructure/CeoAgent.Infrastructure.csproj" />
  <Project Path="CeoAgent.Integrations/CeoAgent.Integrations.csproj" />
  <Project Path="CeoAgent.ServiceDefaults/CeoAgent.ServiceDefaults.csproj" />
  <Project Path="CeoAgent.Shared/CeoAgent.Shared.csproj" Id="1f78a91d-65cc-479c-9c09-b2f6c3c5e365" />
  <Project Path="CeoAgent.Tools/CeoAgent.Tools.csproj" />
  <Project Path="CeoAgent.Web/CeoAgent.Web.csproj" />
  <Project Path="CeoAgent.Worker/CeoAgent.Worker.csproj" />
</Solution>
